<?xml version="1.0" encoding="utf-8"?>
<Project ToolsVersion="4.0" xmlns="http://schemas.microsoft.com/developer/msbuild/2003">
  <ItemGroup>
    <Filter Include="Misc">
      <UniqueIdentifier>{d8a20fe2-7c71-4e2e-8649-2d3e85b46162}</UniqueIdentifier>
    </Filter>
    <Filter Include="my">
      <UniqueIdentifier>{adbe1b53-8938-4972-af9a-657b5048d4a1}</UniqueIdentifier>
    </Filter>
    <Filter Include="structs">
      <UniqueIdentifier>{a0781958-4a64-4450-afa2-9d9e9d3af386}</UniqueIdentifier>
    </Filter>
  </ItemGroup>
  <ItemGroup>
    <ClInclude Include="framework.h">
      <Filter>Misc</Filter>
    </ClInclude>
    <ClInclude Include="pch.h">
      <Filter>Misc</Filter>
    </ClInclude>
    <ClInclude Include="tinyxml2.h">
      <Filter>Misc</Filter>
    </ClInclude>
    <ClInclude Include="InPort.h" />
    <ClInclude Include="structDataCfg.h">
      <Filter>structs</Filter>
    </ClInclude>
    <ClInclude Include="structLaysCfg.h">
      <Filter>structs</Filter>
    </ClInclude>
    <ClInclude Include="structMiscCfg.h">
      <Filter>structs</Filter>
    </ClInclude>
    <ClInclude Include="myconv.h">
      <Filter>my</Filter>
    </ClInclude>
    <ClInclude Include="myXML.h">
      <Filter>my</Filter>
    </ClInclude>
    <ClInclude Include="structAll.h">
      <Filter>structs</Filter>
    </ClInclude>
    <ClInclude Include="structMasksCfg.h">
      <Filter>structs</Filter>
    </ClInclude>
    <ClInclude Include="KoefsFlt.h" />
  </ItemGroup>
  <ItemGroup>
    <ClCompile Include="OptsTinyLib.cpp">
      <Filter>Misc</Filter>
    </ClCompile>
    <ClCompile Include="pch.cpp">
      <Filter>Misc</Filter>
    </ClCompile>
    <ClCompile Include="tinyxml2.cpp">
      <Filter>Misc</Filter>
    </ClCompile>
    <ClCompile Include="InPort.cpp" />
    <ClCompile Include="structDataCfg.cpp">
      <Filter>structs</Filter>
    </ClCompile>
    <ClCompile Include="myconv.cpp">
      <Filter>my</Filter>
    </ClCompile>
    <ClCompile Include="myXML.cpp">
      <Filter>my</Filter>
    </ClCompile>
    <ClCompile Include="structMasksCfg.cpp">
      <Filter>structs</Filter>
    </ClCompile>
    <ClCompile Include="structLaysCfg.cpp">
      <Filter>structs</Filter>
    </ClCompile>
    <ClCompile Include="KoefsFlt.cpp" />
  </ItemGroup>
</Project>