<?xml version="1.0" encoding="utf-8"?>
<Project ToolsVersion="4.0" xmlns="http://schemas.microsoft.com/developer/msbuild/2003">
  <ItemGroup>
    <Filter Include="Dlg">
      <UniqueIdentifier>{7f9104c3-6aa7-4bc9-8027-0c30101d150f}</UniqueIdentifier>
    </Filter>
    <Filter Include="Dlg\Resource Files">
      <UniqueIdentifier>{67DA6AB6-F800-4c08-8B7A-83BB121AAD01}</UniqueIdentifier>
      <Extensions>rc;ico;cur;bmp;dlg;rc2;rct;bin;rgs;gif;jpg;jpeg;jpe;resx;tiff;tif;png;wav;mfcribbon-ms</Extensions>
    </Filter>
    <Filter Include="Lib">
      <UniqueIdentifier>{38946fc7-84db-4cea-a506-d5ebab7ac6cd}</UniqueIdentifier>
    </Filter>
  </ItemGroup>
  <ItemGroup>
    <ClInclude Include="Dlg.h">
      <Filter>Dlg</Filter>
    </ClInclude>
    <ClInclude Include="Resource.h">
      <Filter>Dlg</Filter>
    </ClInclude>
    <ClInclude Include="DlgMaskA.h">
      <Filter>Lib</Filter>
    </ClInclude>
    <ClInclude Include="framework.h">
      <Filter>Lib</Filter>
    </ClInclude>
    <ClInclude Include="pch.h">
      <Filter>Lib</Filter>
    </ClInclude>
    <ClInclude Include="targetver.h">
      <Filter>Lib</Filter>
    </ClInclude>
  </ItemGroup>
  <ItemGroup>
    <ClCompile Include="Dlg.cpp">
      <Filter>Dlg</Filter>
    </ClCompile>
    <ClCompile Include="DlgMaskA.cpp">
      <Filter>Lib</Filter>
    </ClCompile>
    <ClCompile Include="pch.cpp">
      <Filter>Lib</Filter>
    </ClCompile>
  </ItemGroup>
  <ItemGroup>
    <ResourceCompile Include="DlgMaskA.rc">
      <Filter>Dlg\Resource Files</Filter>
    </ResourceCompile>
  </ItemGroup>
  <ItemGroup>
    <Image Include="res\bmp0.bmp">
      <Filter>Dlg\Resource Files</Filter>
    </Image>
    <Image Include="res\bmp1.bmp">
      <Filter>Dlg\Resource Files</Filter>
    </Image>
  </ItemGroup>
</Project>