<?xml version="1.0" encoding="utf-8"?>
<Project ToolsVersion="4.0" xmlns="http://schemas.microsoft.com/developer/msbuild/2003">
  <ItemGroup>
    <Filter Include="Source Files">
      <UniqueIdentifier>{4FC737F1-C7A5-4376-A066-2A32D752A2FF}</UniqueIdentifier>
      <Extensions>cpp;c;cc;cxx;c++;cppm;ixx;def;odl;idl;hpj;bat;asm;asmx</Extensions>
    </Filter>
    <Filter Include="Header Files">
      <UniqueIdentifier>{93995380-89BD-4b04-88EB-625FBE52EBFB}</UniqueIdentifier>
      <Extensions>h;hh;hpp;hxx;h++;hm;inl;inc;ipp;xsd</Extensions>
    </Filter>
    <Filter Include="Resource Files">
      <UniqueIdentifier>{67DA6AB6-F800-4c08-8B7A-83BB121AAD01}</UniqueIdentifier>
      <Extensions>rc;ico;cur;bmp;dlg;rc2;rct;bin;rgs;gif;jpg;jpeg;jpe;resx;tiff;tif;png;wav;mfcribbon-ms</Extensions>
    </Filter>
    <Filter Include="Dlgs">
      <UniqueIdentifier>{440f11e7-4abb-4686-8656-e06645e72864}</UniqueIdentifier>
    </Filter>
    <Filter Include="Dlgs\F">
      <UniqueIdentifier>{0b7c2cd7-fc35-4a32-9c61-6fa6c9d6c37f}</UniqueIdentifier>
    </Filter>
    <Filter Include="Dlgs\A">
      <UniqueIdentifier>{1114c100-1f6f-4cce-9cd7-ceef797aead2}</UniqueIdentifier>
    </Filter>
    <Filter Include="Dlgs\Lays">
      <UniqueIdentifier>{fb71ac31-a562-4eb5-9595-4573154313a0}</UniqueIdentifier>
    </Filter>
    <Filter Include="Dlgs\Main">
      <UniqueIdentifier>{8e88ac9c-fea8-46a2-b093-d78692e8d860}</UniqueIdentifier>
    </Filter>
    <Filter Include="EasyBMP">
      <UniqueIdentifier>{b051a92c-2a22-49a2-a156-5631fca35a4f}</UniqueIdentifier>
    </Filter>
  </ItemGroup>
  <ItemGroup>
    <ClInclude Include="MultiAmp.h">
      <Filter>Header Files</Filter>
    </ClInclude>
    <ClInclude Include="framework.h">
      <Filter>Header Files</Filter>
    </ClInclude>
    <ClInclude Include="targetver.h">
      <Filter>Header Files</Filter>
    </ClInclude>
    <ClInclude Include="Resource.h">
      <Filter>Header Files</Filter>
    </ClInclude>
    <ClInclude Include="pch.h">
      <Filter>Header Files</Filter>
    </ClInclude>
    <ClInclude Include="DlgMaskA.h">
      <Filter>Dlgs\A</Filter>
    </ClInclude>
    <ClInclude Include="DlgMaskF.h">
      <Filter>Dlgs\F</Filter>
    </ClInclude>
    <ClInclude Include="CMCell.h">
      <Filter>Dlgs\F</Filter>
    </ClInclude>
    <ClInclude Include="CMCell16.h">
      <Filter>Dlgs\F</Filter>
    </ClInclude>
    <ClInclude Include="Directs.h">
      <Filter>Dlgs\F</Filter>
    </ClInclude>
    <ClInclude Include="CellsFillSym.h">
      <Filter>Dlgs\F</Filter>
    </ClInclude>
    <ClInclude Include="DlgCfgLays.h">
      <Filter>Dlgs\Lays</Filter>
    </ClInclude>
    <ClInclude Include="MultiAmpDlg.h">
      <Filter>Dlgs\Main</Filter>
    </ClInclude>
    <ClInclude Include="FSliders.h">
      <Filter>Dlgs\Lays</Filter>
    </ClInclude>
    <ClInclude Include="DlgData.h">
      <Filter>Header Files</Filter>
    </ClInclude>
    <ClInclude Include="DlgDataData.h">
      <Filter>Header Files</Filter>
    </ClInclude>
    <ClInclude Include="EasyBMP.h">
      <Filter>EasyBMP</Filter>
    </ClInclude>
    <ClInclude Include="EasyBMP_BMP.h">
      <Filter>EasyBMP</Filter>
    </ClInclude>
    <ClInclude Include="EasyBMP_DataStructures.h">
      <Filter>EasyBMP</Filter>
    </ClInclude>
    <ClInclude Include="EasyBMP_VariousBMPutilities.h">
      <Filter>EasyBMP</Filter>
    </ClInclude>
    <ClInclude Include="Utils.h">
      <Filter>Header Files</Filter>
    </ClInclude>
    <ClInclude Include="DlgMisc.h">
      <Filter>Header Files</Filter>
    </ClInclude>
  </ItemGroup>
  <ItemGroup>
    <ClCompile Include="MultiAmp.cpp">
      <Filter>Source Files</Filter>
    </ClCompile>
    <ClCompile Include="pch.cpp">
      <Filter>Source Files</Filter>
    </ClCompile>
    <ClCompile Include="DlgMaskA.cpp">
      <Filter>Dlgs\A</Filter>
    </ClCompile>
    <ClCompile Include="DlgMaskF.cpp">
      <Filter>Dlgs\F</Filter>
    </ClCompile>
    <ClCompile Include="CMCell.cpp">
      <Filter>Dlgs\F</Filter>
    </ClCompile>
    <ClCompile Include="CMCell16.cpp">
      <Filter>Dlgs\F</Filter>
    </ClCompile>
    <ClCompile Include="CellsFillSym.cpp">
      <Filter>Dlgs\F</Filter>
    </ClCompile>
    <ClCompile Include="DlgCfgLays.cpp">
      <Filter>Dlgs\Lays</Filter>
    </ClCompile>
    <ClCompile Include="MultiAmpDlg.cpp">
      <Filter>Dlgs\Main</Filter>
    </ClCompile>
    <ClCompile Include="FSliders.cpp">
      <Filter>Dlgs\Lays</Filter>
    </ClCompile>
    <ClCompile Include="DlgData.cpp">
      <Filter>Source Files</Filter>
    </ClCompile>
    <ClCompile Include="DlgDataData.cpp">
      <Filter>Source Files</Filter>
    </ClCompile>
    <ClCompile Include="EasyBMP.cpp">
      <Filter>EasyBMP</Filter>
    </ClCompile>
    <ClCompile Include="DlgMisc.cpp">
      <Filter>Source Files</Filter>
    </ClCompile>
  </ItemGroup>
  <ItemGroup>
    <ResourceCompile Include="MultiAmp.rc">
      <Filter>Resource Files</Filter>
    </ResourceCompile>
  </ItemGroup>
  <ItemGroup>
    <None Include="res\MultiAmp.rc2">
      <Filter>Resource Files</Filter>
    </None>
    <None Include="..\Common\Directs.ods">
      <Filter>Dlgs\F</Filter>
    </None>
  </ItemGroup>
  <ItemGroup>
    <Image Include="res\MultiAmp.ico">
      <Filter>Resource Files</Filter>
    </Image>
    <Image Include="res\bitmap1.bmp">
      <Filter>Resource Files</Filter>
    </Image>
    <Image Include="res\bitmap2.bmp">
      <Filter>Resource Files</Filter>
    </Image>
    <Image Include="res\bitmap0.bmp">
      <Filter>Resource Files</Filter>
    </Image>
    <Image Include="res\bmp0.bmp">
      <Filter>Resource Files</Filter>
    </Image>
    <Image Include="res\bmp1.bmp">
      <Filter>Resource Files</Filter>
    </Image>
  </ItemGroup>
</Project>