<?xml version="1.0" encoding="utf-8"?>
<Project ToolsVersion="4.0" xmlns="http://schemas.microsoft.com/developer/msbuild/2003">
  <ItemGroup>
    <Filter Include="Source Files">
      <UniqueIdentifier>{4FC737F1-C7A5-4376-A066-2A32D752A2FF}</UniqueIdentifier>
      <Extensions>cpp;c;cc;cxx;c++;cppm;ixx;def;odl;idl;hpj;bat;asm;asmx</Extensions>
    </Filter>
    <Filter Include="Header Files">
      <UniqueIdentifier>{93995380-89BD-4b04-88EB-625FBE52EBFB}</UniqueIdentifier>
      <Extensions>h;hh;hpp;hxx;h++;hm;inl;inc;ipp;xsd</Extensions>
    </Filter>
    <Filter Include="Resource Files">
      <UniqueIdentifier>{67DA6AB6-F800-4c08-8B7A-83BB121AAD01}</UniqueIdentifier>
      <Extensions>rc;ico;cur;bmp;dlg;rc2;rct;bin;rgs;gif;jpg;jpeg;jpe;resx;tiff;tif;png;wav;mfcribbon-ms</Extensions>
    </Filter>
    <Filter Include="Common">
      <UniqueIdentifier>{d9880fe9-6014-43a6-98fe-9cd908cff6c1}</UniqueIdentifier>
    </Filter>
    <Filter Include="MDX">
      <UniqueIdentifier>{918f4e8b-1ef6-4fa3-82b3-3585e4940c1f}</UniqueIdentifier>
    </Filter>
    <Filter Include="Engine">
      <UniqueIdentifier>{f225810e-5742-43ba-af53-d0dd69658d25}</UniqueIdentifier>
    </Filter>
    <Filter Include="EngineOld">
      <UniqueIdentifier>{ce690fed-f538-428f-a9c4-9ecaae6fc779}</UniqueIdentifier>
    </Filter>
    <Filter Include="Engine\Lays">
      <UniqueIdentifier>{3f144208-ccf2-4383-8fb6-bc1f84ae49d4}</UniqueIdentifier>
    </Filter>
    <Filter Include="Engine\Processes">
      <UniqueIdentifier>{7cd19441-de66-40e6-b948-b15a272a0734}</UniqueIdentifier>
    </Filter>
    <Filter Include="Engine\Processes\ProcessA">
      <UniqueIdentifier>{d585a0b9-7053-47d1-a40c-6cb6f69e2eaa}</UniqueIdentifier>
    </Filter>
    <Filter Include="Engine\Processes\ProcessF">
      <UniqueIdentifier>{97585969-f972-41f6-a1c9-0de6f472e2ff}</UniqueIdentifier>
    </Filter>
    <Filter Include="Engine\Masks">
      <UniqueIdentifier>{ff17d502-faa5-4e87-93e4-5b228d56887e}</UniqueIdentifier>
    </Filter>
  </ItemGroup>
  <ItemGroup>
    <ClInclude Include="framework.h">
      <Filter>Header Files</Filter>
    </ClInclude>
    <ClInclude Include="targetver.h">
      <Filter>Header Files</Filter>
    </ClInclude>
    <ClInclude Include="Resource.h">
      <Filter>Header Files</Filter>
    </ClInclude>
    <ClInclude Include="AMPEngine2Exe.h">
      <Filter>Common</Filter>
    </ClInclude>
    <ClInclude Include="CommandCenter.h">
      <Filter>Common</Filter>
    </ClInclude>
    <ClInclude Include="ParseCmdLine.h">
      <Filter>Common</Filter>
    </ClInclude>
    <ClInclude Include="MDX\MDX.h">
      <Filter>MDX</Filter>
    </ClInclude>
    <ClInclude Include="MDX\MDX2.h">
      <Filter>MDX</Filter>
    </ClInclude>
    <ClInclude Include="MDX\Vertex.h">
      <Filter>MDX</Filter>
    </ClInclude>
    <ClInclude Include="Engine\Engine2.h">
      <Filter>Engine</Filter>
    </ClInclude>
    <ClInclude Include="Engine\NewEngine.h">
      <Filter>Engine</Filter>
    </ClInclude>
    <ClInclude Include="EngineOld\AMPEng2.h">
      <Filter>EngineOld</Filter>
    </ClInclude>
    <ClInclude Include="EngineOld\Utils.h">
      <Filter>EngineOld</Filter>
    </ClInclude>
    <ClInclude Include="Engine\Lay0.h">
      <Filter>Engine\Lays</Filter>
    </ClInclude>
    <ClInclude Include="Engine\LayBase.h">
      <Filter>Engine\Lays</Filter>
    </ClInclude>
    <ClInclude Include="Engine\LayMid.h">
      <Filter>Engine\Lays</Filter>
    </ClInclude>
    <ClInclude Include="Engine\Lays.h">
      <Filter>Engine\Lays</Filter>
    </ClInclude>
    <ClInclude Include="Engine\LaysCPUCfg.h">
      <Filter>Engine\Lays</Filter>
    </ClInclude>
    <ClInclude Include="Engine\Processes.h">
      <Filter>Engine\Processes</Filter>
    </ClInclude>
    <ClInclude Include="Engine\ProcessA.h">
      <Filter>Engine\Processes\ProcessA</Filter>
    </ClInclude>
    <ClInclude Include="Engine\ProcessF.h">
      <Filter>Engine\Processes\ProcessF</Filter>
    </ClInclude>
    <ClInclude Include="Engine\MaskA.h">
      <Filter>Engine\Masks</Filter>
    </ClInclude>
    <ClInclude Include="Engine\MaskF.h">
      <Filter>Engine\Masks</Filter>
    </ClInclude>
    <ClInclude Include="Engine\MasksAll.h">
      <Filter>Engine\Masks</Filter>
    </ClInclude>
    <ClInclude Include="Engine\VGpuCpu.h">
      <Filter>Engine\Lays</Filter>
    </ClInclude>
    <ClInclude Include="EngineOld\ProcessParams.h">
      <Filter>EngineOld</Filter>
    </ClInclude>
    <ClInclude Include="EngineOld\ProcessParam.h">
      <Filter>EngineOld</Filter>
    </ClInclude>
    <ClInclude Include="myUtil.h">
      <Filter>Header Files</Filter>
    </ClInclude>
    <ClInclude Include="EngineOld\RunA.h">
      <Filter>EngineOld</Filter>
    </ClInclude>
    <ClInclude Include="EngineOld\RunD.h">
      <Filter>EngineOld</Filter>
    </ClInclude>
    <ClInclude Include="EngineOld\RunDlast.h">
      <Filter>EngineOld</Filter>
    </ClInclude>
    <ClInclude Include="EngineOld\Masks.h">
      <Filter>EngineOld</Filter>
    </ClInclude>
  </ItemGroup>
  <ItemGroup>
    <ClCompile Include="AMPEngine2Exe.cpp">
      <Filter>Common</Filter>
    </ClCompile>
    <ClCompile Include="CommandCenter.cpp">
      <Filter>Common</Filter>
    </ClCompile>
    <ClCompile Include="ParseCmdLine.cpp">
      <Filter>Common</Filter>
    </ClCompile>
    <ClCompile Include="MDX\MDX.cpp">
      <Filter>MDX</Filter>
    </ClCompile>
    <ClCompile Include="MDX\MDX2.cpp">
      <Filter>MDX</Filter>
    </ClCompile>
    <ClCompile Include="Engine\Engine2.cpp">
      <Filter>Engine</Filter>
    </ClCompile>
    <ClCompile Include="EngineOld\AMPEng2.cpp">
      <Filter>EngineOld</Filter>
    </ClCompile>
    <ClCompile Include="EngineOld\Utils.cpp">
      <Filter>EngineOld</Filter>
    </ClCompile>
    <ClCompile Include="Engine\Lay0.cpp">
      <Filter>Engine\Lays</Filter>
    </ClCompile>
    <ClCompile Include="Engine\LayBase.cpp">
      <Filter>Engine\Lays</Filter>
    </ClCompile>
    <ClCompile Include="Engine\LayDumps.cpp">
      <Filter>Engine\Lays</Filter>
    </ClCompile>
    <ClCompile Include="Engine\LayMid.cpp">
      <Filter>Engine\Lays</Filter>
    </ClCompile>
    <ClCompile Include="Engine\Lays.cpp">
      <Filter>Engine\Lays</Filter>
    </ClCompile>
    <ClCompile Include="Engine\Processes.cpp">
      <Filter>Engine\Processes</Filter>
    </ClCompile>
    <ClCompile Include="Engine\ProcessA.cpp">
      <Filter>Engine\Processes\ProcessA</Filter>
    </ClCompile>
    <ClCompile Include="Engine\ProcessA0.cpp">
      <Filter>Engine\Processes\ProcessA</Filter>
    </ClCompile>
    <ClCompile Include="Engine\ProcessA1.cpp">
      <Filter>Engine\Processes\ProcessA</Filter>
    </ClCompile>
    <ClCompile Include="Engine\ProcessAcpu.cpp">
      <Filter>Engine\Processes\ProcessA</Filter>
    </ClCompile>
    <ClCompile Include="Engine\ProcessF.cpp">
      <Filter>Engine\Processes\ProcessF</Filter>
    </ClCompile>
    <ClCompile Include="Engine\ProcessF0.cpp">
      <Filter>Engine\Processes\ProcessF</Filter>
    </ClCompile>
    <ClCompile Include="Engine\ProcessF1.cpp">
      <Filter>Engine\Processes\ProcessF</Filter>
    </ClCompile>
    <ClCompile Include="Engine\ProcessFcpu.cpp">
      <Filter>Engine\Processes\ProcessF</Filter>
    </ClCompile>
    <ClCompile Include="Engine\MaskA.cpp">
      <Filter>Engine\Masks</Filter>
    </ClCompile>
    <ClCompile Include="Engine\MaskF.cpp">
      <Filter>Engine\Masks</Filter>
    </ClCompile>
    <ClCompile Include="Engine\MasksAll.cpp">
      <Filter>Engine\Masks</Filter>
    </ClCompile>
    <ClCompile Include="EngineOld\ProcessParams.cpp">
      <Filter>EngineOld</Filter>
    </ClCompile>
    <ClCompile Include="EngineOld\ProcessParam.cpp">
      <Filter>EngineOld</Filter>
    </ClCompile>
    <ClCompile Include="EngineOld\RunA.cpp">
      <Filter>EngineOld</Filter>
    </ClCompile>
    <ClCompile Include="EngineOld\RunD.cpp">
      <Filter>EngineOld</Filter>
    </ClCompile>
    <ClCompile Include="EngineOld\RunDlast.cpp">
      <Filter>EngineOld</Filter>
    </ClCompile>
    <ClCompile Include="EngineOld\Masks.cpp">
      <Filter>EngineOld</Filter>
    </ClCompile>
  </ItemGroup>
  <ItemGroup>
    <ResourceCompile Include="AMPEngine2Exe.rc">
      <Filter>Resource Files</Filter>
    </ResourceCompile>
  </ItemGroup>
  <ItemGroup>
    <Image Include="small.ico">
      <Filter>Resource Files</Filter>
    </Image>
    <Image Include="AMPEngine2Exe.ico">
      <Filter>Resource Files</Filter>
    </Image>
  </ItemGroup>
</Project>