<?xml version="1.0" encoding="utf-8"?>
<Project ToolsVersion="4.0" xmlns="http://schemas.microsoft.com/developer/msbuild/2003">
  <ItemGroup>
    <Filter Include="Source Files">
      <UniqueIdentifier>{4FC737F1-C7A5-4376-A066-2A32D752A2FF}</UniqueIdentifier>
      <Extensions>cpp;c;cc;cxx;c++;cppm;ixx;def;odl;idl;hpj;bat;asm;asmx</Extensions>
    </Filter>
    <Filter Include="Header Files">
      <UniqueIdentifier>{93995380-89BD-4b04-88EB-625FBE52EBFB}</UniqueIdentifier>
      <Extensions>h;hh;hpp;hxx;h++;hm;inl;inc;ipp;xsd</Extensions>
    </Filter>
    <Filter Include="Resource Files">
      <UniqueIdentifier>{67DA6AB6-F800-4c08-8B7A-83BB121AAD01}</UniqueIdentifier>
      <Extensions>rc;ico;cur;bmp;dlg;rc2;rct;bin;rgs;gif;jpg;jpeg;jpe;resx;tiff;tif;png;wav;mfcribbon-ms</Extensions>
    </Filter>
    <Filter Include="Shaders">
      <UniqueIdentifier>{b6ff7f83-9201-4c5a-a314-1bbd5c1fbd4e}</UniqueIdentifier>
    </Filter>
    <Filter Include="InterOp">
      <UniqueIdentifier>{7ab0c97a-c3f2-400b-8f80-e13532abf007}</UniqueIdentifier>
    </Filter>
    <Filter Include="Lays">
      <UniqueIdentifier>{c123f49e-3c10-4475-8710-531586352dd3}</UniqueIdentifier>
    </Filter>
    <Filter Include="Lays\MLay">
      <UniqueIdentifier>{60227630-f005-469a-9d96-2479e172ff9a}</UniqueIdentifier>
    </Filter>
    <Filter Include="Lays\Lay">
      <UniqueIdentifier>{0fd5e459-77e3-4e38-be0a-4a4feaa88b70}</UniqueIdentifier>
    </Filter>
    <Filter Include="Lays\MLay\Process_Param">
      <UniqueIdentifier>{a04fbf18-8c3a-4f01-94c7-1455938e0912}</UniqueIdentifier>
    </Filter>
    <Filter Include="Lays\MLay\Processes">
      <UniqueIdentifier>{740fdde5-e12c-48f4-814a-7eb7a171c923}</UniqueIdentifier>
    </Filter>
  </ItemGroup>
  <ItemGroup>
    <ClInclude Include="framework.h">
      <Filter>Header Files</Filter>
    </ClInclude>
    <ClInclude Include="pch.h">
      <Filter>Header Files</Filter>
    </ClInclude>
    <ClInclude Include="Main.h">
      <Filter>Header Files</Filter>
    </ClInclude>
    <ClInclude Include="resource.h">
      <Filter>Header Files</Filter>
    </ClInclude>
    <ClInclude Include="Vertex.h">
      <Filter>InterOp</Filter>
    </ClInclude>
    <ClInclude Include="MDX2.h">
      <Filter>InterOp</Filter>
    </ClInclude>
    <ClInclude Include="MDX.h">
      <Filter>InterOp</Filter>
    </ClInclude>
    <ClInclude Include="DxInterOp.h">
      <Filter>InterOp</Filter>
    </ClInclude>
    <ClInclude Include="AMPEng2.h">
      <Filter>InterOp</Filter>
    </ClInclude>
    <ClInclude Include="Model2D.h">
      <Filter>InterOp</Filter>
    </ClInclude>
    <ClInclude Include="RunA.h">
      <Filter>InterOp</Filter>
    </ClInclude>
    <ClInclude Include="RunD.h">
      <Filter>InterOp</Filter>
    </ClInclude>
    <ClInclude Include="RunDlast.h">
      <Filter>InterOp</Filter>
    </ClInclude>
    <ClInclude Include="Masks.h">
      <Filter>InterOp</Filter>
    </ClInclude>
    <ClInclude Include="Utils.h">
      <Filter>InterOp</Filter>
    </ClInclude>
    <ClInclude Include="Options.h">
      <Filter>InterOp</Filter>
    </ClInclude>
    <ClInclude Include="Options\OptionExternDecl.h">
      <Filter>InterOp</Filter>
    </ClInclude>
    <ClInclude Include="myRnd.h">
      <Filter>Header Files</Filter>
    </ClInclude>
    <ClInclude Include="Model2D_Static.h">
      <Filter>Header Files</Filter>
    </ClInclude>
    <ClInclude Include="MLayBase.h">
      <Filter>Lays\MLay</Filter>
    </ClInclude>
    <ClInclude Include="MVGpuCpu.h">
      <Filter>Lays\MLay</Filter>
    </ClInclude>
    <ClInclude Include="MLaysCPUCfg.h">
      <Filter>Lays\MLay</Filter>
    </ClInclude>
    <ClInclude Include="MLay0.h">
      <Filter>Lays\MLay</Filter>
    </ClInclude>
    <ClInclude Include="MLayMid.h">
      <Filter>Lays\MLay</Filter>
    </ClInclude>
    <ClInclude Include="MLays.h">
      <Filter>Lays\MLay</Filter>
    </ClInclude>
    <ClInclude Include="Lay0.h">
      <Filter>Lays\Lay</Filter>
    </ClInclude>
    <ClInclude Include="LayBase.h">
      <Filter>Lays\Lay</Filter>
    </ClInclude>
    <ClInclude Include="LayMid.h">
      <Filter>Lays\Lay</Filter>
    </ClInclude>
    <ClInclude Include="Lays.h">
      <Filter>Lays\Lay</Filter>
    </ClInclude>
    <ClInclude Include="LaysCPUCfg.h">
      <Filter>Lays\Lay</Filter>
    </ClInclude>
    <ClInclude Include="VGpuCpu.h">
      <Filter>Lays\Lay</Filter>
    </ClInclude>
    <ClInclude Include="ProcessParam.h">
      <Filter>Lays\MLay\Process_Param</Filter>
    </ClInclude>
    <ClInclude Include="ProcessParams.h">
      <Filter>Lays\MLay\Process_Param</Filter>
    </ClInclude>
    <ClInclude Include="ProcessA.h">
      <Filter>Lays\MLay\Processes</Filter>
    </ClInclude>
    <ClInclude Include="Processes.h">
      <Filter>Lays\MLay\Processes</Filter>
    </ClInclude>
    <ClInclude Include="ProcessF.h">
      <Filter>Lays\MLay\Processes</Filter>
    </ClInclude>
    <ClInclude Include="Masks_a.h">
      <Filter>Lays\MLay\Processes</Filter>
    </ClInclude>
    <ClInclude Include="Masks_f.h">
      <Filter>Lays\MLay\Processes</Filter>
    </ClInclude>
  </ItemGroup>
  <ItemGroup>
    <ClCompile Include="dllmain.cpp">
      <Filter>Source Files</Filter>
    </ClCompile>
    <ClCompile Include="pch.cpp">
      <Filter>Source Files</Filter>
    </ClCompile>
    <ClCompile Include="Main.cpp">
      <Filter>Source Files</Filter>
    </ClCompile>
    <ClCompile Include="Tutorial01.cpp">
      <Filter>Source Files</Filter>
    </ClCompile>
    <ClCompile Include="Tutorial02.cpp">
      <Filter>Source Files</Filter>
    </ClCompile>
    <ClCompile Include="Tutorial04.cpp">
      <Filter>Source Files</Filter>
    </ClCompile>
    <ClCompile Include="DXInterOp.cpp">
      <Filter>InterOp</Filter>
    </ClCompile>
    <ClCompile Include="AMPEng2.cpp">
      <Filter>InterOp</Filter>
    </ClCompile>
    <ClCompile Include="Model2D.cpp">
      <Filter>InterOp</Filter>
    </ClCompile>
    <ClCompile Include="RunA.cpp">
      <Filter>InterOp</Filter>
    </ClCompile>
    <ClCompile Include="RunD.cpp">
      <Filter>InterOp</Filter>
    </ClCompile>
    <ClCompile Include="RunDlast.cpp">
      <Filter>InterOp</Filter>
    </ClCompile>
    <ClCompile Include="Masks.cpp">
      <Filter>InterOp</Filter>
    </ClCompile>
    <ClCompile Include="Utils.cpp">
      <Filter>InterOp</Filter>
    </ClCompile>
    <ClCompile Include="Options.cpp">
      <Filter>InterOp</Filter>
    </ClCompile>
    <ClCompile Include="MDX.cpp">
      <Filter>InterOp</Filter>
    </ClCompile>
    <ClCompile Include="MDX2.cpp">
      <Filter>Source Files</Filter>
    </ClCompile>
    <ClCompile Include="Model2D_Static.cpp">
      <Filter>Source Files</Filter>
    </ClCompile>
    <ClCompile Include="MLayBase.cpp">
      <Filter>Lays\MLay</Filter>
    </ClCompile>
    <ClCompile Include="MLay0.cpp">
      <Filter>Lays\MLay</Filter>
    </ClCompile>
    <ClCompile Include="MLayMid.cpp">
      <Filter>Lays\MLay</Filter>
    </ClCompile>
    <ClCompile Include="MLays.cpp">
      <Filter>Lays\MLay</Filter>
    </ClCompile>
    <ClCompile Include="Lay0.cpp">
      <Filter>Lays\Lay</Filter>
    </ClCompile>
    <ClCompile Include="LayBase.cpp">
      <Filter>Lays\Lay</Filter>
    </ClCompile>
    <ClCompile Include="LayMid.cpp">
      <Filter>Lays\Lay</Filter>
    </ClCompile>
    <ClCompile Include="Lays.cpp">
      <Filter>Lays\Lay</Filter>
    </ClCompile>
    <ClCompile Include="ProcessParam.cpp">
      <Filter>Lays\MLay\Process_Param</Filter>
    </ClCompile>
    <ClCompile Include="ProcessParams.cpp">
      <Filter>Lays\MLay\Process_Param</Filter>
    </ClCompile>
    <ClCompile Include="ProcessA.cpp">
      <Filter>Lays\MLay\Processes</Filter>
    </ClCompile>
    <ClCompile Include="ProcessA0.cpp">
      <Filter>Lays\MLay\Processes</Filter>
    </ClCompile>
    <ClCompile Include="ProcessA1.cpp">
      <Filter>Lays\MLay\Processes</Filter>
    </ClCompile>
    <ClCompile Include="ProcessAcpu.cpp">
      <Filter>Lays\MLay\Processes</Filter>
    </ClCompile>
    <ClCompile Include="Processes.cpp">
      <Filter>Lays\MLay\Processes</Filter>
    </ClCompile>
    <ClCompile Include="ProcessF.cpp">
      <Filter>Lays\MLay\Processes</Filter>
    </ClCompile>
    <ClCompile Include="ProcessF0.cpp">
      <Filter>Lays\MLay\Processes</Filter>
    </ClCompile>
    <ClCompile Include="ProcessF1.cpp">
      <Filter>Lays\MLay\Processes</Filter>
    </ClCompile>
    <ClCompile Include="ProcessFcpu.cpp">
      <Filter>Lays\MLay\Processes</Filter>
    </ClCompile>
    <ClCompile Include="Masks_a.cpp">
      <Filter>Lays\MLay\Processes</Filter>
    </ClCompile>
    <ClCompile Include="Masks_f.cpp">
      <Filter>Lays\MLay\Processes</Filter>
    </ClCompile>
  </ItemGroup>
  <ItemGroup>
    <ResourceCompile Include="Main.rc">
      <Filter>Resource Files</Filter>
    </ResourceCompile>
  </ItemGroup>
  <ItemGroup>
    <Image Include="directx.ico">
      <Filter>Resource Files</Filter>
    </Image>
  </ItemGroup>
  <ItemGroup>
    <None Include="DXInterOpPsVs.hlsl">
      <Filter>InterOp</Filter>
    </None>
    <None Include="Tutorial02.fx">
      <Filter>Shaders</Filter>
    </None>
    <None Include="Tutorial04.fx">
      <Filter>Shaders</Filter>
    </None>
  </ItemGroup>
</Project>