<?xml version="1.0" encoding="utf-8"?>
<Project ToolsVersion="4.0" xmlns="http://schemas.microsoft.com/developer/msbuild/2003">
  <ItemGroup>
    <Filter Include="Resource Files">
      <UniqueIdentifier>{67DA6AB6-F800-4c08-8B7A-83BB121AAD01}</UniqueIdentifier>
      <Extensions>rc;ico;cur;bmp;dlg;rc2;rct;bin;rgs;gif;jpg;jpeg;jpe;resx;tiff;tif;png;wav;mfcribbon-ms</Extensions>
    </Filter>
    <Filter Include="Common">
      <UniqueIdentifier>{a57f7fe5-5721-48ea-9446-1bb449898837}</UniqueIdentifier>
    </Filter>
    <Filter Include="MDX">
      <UniqueIdentifier>{fd7aa76d-b67a-4c2d-8019-f597e6f53c31}</UniqueIdentifier>
    </Filter>
    <Filter Include="Engine">
      <UniqueIdentifier>{898eb40b-6b15-41ea-9878-0ce05bbc1a76}</UniqueIdentifier>
    </Filter>
    <Filter Include="Engine\Lays">
      <UniqueIdentifier>{674e5152-1b52-47e6-9512-2214168f087b}</UniqueIdentifier>
    </Filter>
    <Filter Include="Engine\Process">
      <UniqueIdentifier>{5df43afc-d2af-4da2-87dd-a7d91f478c3f}</UniqueIdentifier>
    </Filter>
    <Filter Include="Engine\Process\A">
      <UniqueIdentifier>{b167a995-d32a-47ee-96c7-5c98b7de93cc}</UniqueIdentifier>
    </Filter>
    <Filter Include="Engine\Process\F">
      <UniqueIdentifier>{bfd1b9e0-eb73-42fb-8b60-b343d11871fa}</UniqueIdentifier>
    </Filter>
    <Filter Include="Engine\Masks">
      <UniqueIdentifier>{6490fdca-06db-4fa0-97e9-4fc482b01b98}</UniqueIdentifier>
    </Filter>
  </ItemGroup>
  <ItemGroup>
    <ClInclude Include="AMPEngine2Lib.h">
      <Filter>Common</Filter>
    </ClInclude>
    <ClInclude Include="framework.h">
      <Filter>Common</Filter>
    </ClInclude>
    <ClInclude Include="wndAMP.h">
      <Filter>Common</Filter>
    </ClInclude>
    <ClInclude Include="MDX\MDX.h">
      <Filter>MDX</Filter>
    </ClInclude>
    <ClInclude Include="MDX\MDX2.h">
      <Filter>MDX</Filter>
    </ClInclude>
    <ClInclude Include="MDX\Vertex.h">
      <Filter>MDX</Filter>
    </ClInclude>
    <ClInclude Include="Engine\Engine2.h">
      <Filter>Engine</Filter>
    </ClInclude>
    <ClInclude Include="Engine\NewEngine.h">
      <Filter>Engine</Filter>
    </ClInclude>
    <ClInclude Include="Engine\VGpuCpu.h">
      <Filter>Engine</Filter>
    </ClInclude>
    <ClInclude Include="myRnd.h">
      <Filter>Common</Filter>
    </ClInclude>
    <ClInclude Include="myUtil.h">
      <Filter>Common</Filter>
    </ClInclude>
    <ClInclude Include="Engine\Lay0.h">
      <Filter>Engine\Lays</Filter>
    </ClInclude>
    <ClInclude Include="Engine\LayBase.h">
      <Filter>Engine\Lays</Filter>
    </ClInclude>
    <ClInclude Include="Engine\LayMid.h">
      <Filter>Engine\Lays</Filter>
    </ClInclude>
    <ClInclude Include="Engine\Lays.h">
      <Filter>Engine\Lays</Filter>
    </ClInclude>
    <ClInclude Include="Engine\LaysCPUCfg.h">
      <Filter>Engine\Lays</Filter>
    </ClInclude>
    <ClInclude Include="Engine\ProcessA.h">
      <Filter>Engine\Process\A</Filter>
    </ClInclude>
    <ClInclude Include="Engine\ProcessF.h">
      <Filter>Engine\Process\F</Filter>
    </ClInclude>
    <ClInclude Include="Engine\Processes.h">
      <Filter>Engine\Process</Filter>
    </ClInclude>
    <ClInclude Include="Engine\MaskA.h">
      <Filter>Engine\Masks</Filter>
    </ClInclude>
    <ClInclude Include="Engine\MaskF.h">
      <Filter>Engine\Masks</Filter>
    </ClInclude>
    <ClInclude Include="Engine\MasksAll.h">
      <Filter>Engine\Masks</Filter>
    </ClInclude>
    <ClInclude Include="Engine\EngineDbg.h">
      <Filter>Engine</Filter>
    </ClInclude>
  </ItemGroup>
  <ItemGroup>
    <ClCompile Include="AMPEngine2Lib.cpp">
      <Filter>Common</Filter>
    </ClCompile>
    <ClCompile Include="wndAMP.cpp">
      <Filter>Common</Filter>
    </ClCompile>
    <ClCompile Include="MDX\MDX.cpp">
      <Filter>MDX</Filter>
    </ClCompile>
    <ClCompile Include="MDX\MDX2.cpp">
      <Filter>MDX</Filter>
    </ClCompile>
    <ClCompile Include="Engine\Engine2.cpp">
      <Filter>Engine</Filter>
    </ClCompile>
    <ClCompile Include="Engine\Lay0.cpp">
      <Filter>Engine\Lays</Filter>
    </ClCompile>
    <ClCompile Include="Engine\LayBase.cpp">
      <Filter>Engine\Lays</Filter>
    </ClCompile>
    <ClCompile Include="Engine\LayDumps.cpp">
      <Filter>Engine\Lays</Filter>
    </ClCompile>
    <ClCompile Include="Engine\LayMid.cpp">
      <Filter>Engine\Lays</Filter>
    </ClCompile>
    <ClCompile Include="Engine\Lays.cpp">
      <Filter>Engine\Lays</Filter>
    </ClCompile>
    <ClCompile Include="Engine\ProcessA.cpp">
      <Filter>Engine\Process\A</Filter>
    </ClCompile>
    <ClCompile Include="Engine\ProcessA0.cpp">
      <Filter>Engine\Process\A</Filter>
    </ClCompile>
    <ClCompile Include="Engine\ProcessA1.cpp">
      <Filter>Engine\Process\A</Filter>
    </ClCompile>
    <ClCompile Include="Engine\ProcessAMidMTCPU.cpp">
      <Filter>Engine\Process\A</Filter>
    </ClCompile>
    <ClCompile Include="Engine\ProcessF.cpp">
      <Filter>Engine\Process\F</Filter>
    </ClCompile>
    <ClCompile Include="Engine\ProcessF0.cpp">
      <Filter>Engine\Process\F</Filter>
    </ClCompile>
    <ClCompile Include="Engine\ProcessFMidGPU.cpp">
      <Filter>Engine\Process\F</Filter>
    </ClCompile>
    <ClCompile Include="Engine\ProcessFMidMTCPU.cpp">
      <Filter>Engine\Process\F</Filter>
    </ClCompile>
    <ClCompile Include="Engine\Processes.cpp">
      <Filter>Engine\Process</Filter>
    </ClCompile>
    <ClCompile Include="Engine\MaskA.cpp">
      <Filter>Engine\Masks</Filter>
    </ClCompile>
    <ClCompile Include="Engine\MaskF.cpp">
      <Filter>Engine\Masks</Filter>
    </ClCompile>
    <ClCompile Include="Engine\MasksAll.cpp">
      <Filter>Engine\Masks</Filter>
    </ClCompile>
    <ClCompile Include="Engine\EngineDbg.cpp">
      <Filter>Engine</Filter>
    </ClCompile>
    <ClCompile Include="Engine\ProcessF0Split1.cpp">
      <Filter>Engine\Process\F</Filter>
    </ClCompile>
    <ClCompile Include="Engine\ProcessF0Split2.cpp">
      <Filter>Engine\Process\F</Filter>
    </ClCompile>
  </ItemGroup>
</Project>